{
  "name": "ghard13",
  "version": "0.1.0",
  "lockfileVersion": 3,
  "requires": true,
  "packages": {
    "": {
      "name": "ghard13",
      "version": "0.1.0",
      "license": "MIT",
      "dependencies": {
        "paste-me-not": "^0.1.0"
      }
    },
    "node_modules/paste-me-not": {
      "version": "0.1.2",
      "resolved": "https://registry.npmjs.org/paste-me-not/-/paste-me-not-0.1.2.tgz",
      "integrity": "sha512-JLUigLuUUfr6K2xclK8bDON89xAX+HdmRJ6RNcrzLk34vVverYJQ3J6aEJIbG6jwARDEt+FH6JerrI0hYuEZyQ==",
      "engines": {
        "node": ">=12.0.0"
      }
    }
  }
}
